
Microsoft Visual Studio Solution File, Format Version 12.00
# Visual Studio 2013
VisualStudioVersion = 12.0.31101.0
MinimumVisualStudioVersion = 10.0.40219.1
Project("{FAE04EC0-301F-11D3-BF4B-00C04F79EFBC}") = "Sundial", "Sundial\Sundial.csproj", "{C2E1ADC9-63CA-4495-B22E-286408C46666}"
EndProject
Project("{FAE04EC0-301F-11D3-BF4B-00C04F79EFBC}") = "Sundial.Core", "Sundial.Core\Sundial.Core.csproj", "{9748092A-D13C-4C42-AF4F-683056E6C07D}"
EndProject
Global
	GlobalSection(SolutionConfigurationPlatforms) = preSolution
		Debug|Any CPU = Debug|Any CPU
		Release|Any CPU = Release|Any CPU
	EndGlobalSection
	GlobalSection(ProjectConfigurationPlatforms) = postSolution
		{C2E1ADC9-63CA-4495-B22E-286408C46666}.Debug|Any CPU.ActiveCfg = Debug|Any CPU
		{C2E1ADC9-63CA-4495-B22E-286408C46666}.Debug|Any CPU.Build.0 = Debug|Any CPU
		{C2E1ADC9-63CA-4495-B22E-286408C46666}.Release|Any CPU.ActiveCfg = Release|Any CPU
		{C2E1ADC9-63CA-4495-B22E-286408C46666}.Release|Any CPU.Build.0 = Release|Any CPU
		{9748092A-D13C-4C42-AF4F-683056E6C07D}.Debug|Any CPU.ActiveCfg = Debug|Any CPU
		{9748092A-D13C-4C42-AF4F-683056E6C07D}.Debug|Any CPU.Build.0 = Debug|Any CPU
		{9748092A-D13C-4C42-AF4F-683056E6C07D}.Release|Any CPU.ActiveCfg = Release|Any CPU
		{9748092A-D13C-4C42-AF4F-683056E6C07D}.Release|Any CPU.Build.0 = Release|Any CPU
	EndGlobalSection
	GlobalSection(SolutionProperties) = preSolution
		HideSolutionNode = FALSE
	EndGlobalSection
EndGlobal
